
Microsoft Visual Studio Solution File, Format Version 12.00
# Visual Studio Version 17
VisualStudioVersion = 17.0.31903.59
MinimumVisualStudioVersion = 10.0.40219.1
Project("{2150E333-8FDC-42A3-9474-1A3956D46DE8}") = "src", "src", "{9E3A8382-954A-4B8F-9CE5-BB12B17ECAE2}"
EndProject
Project("{FAE04EC0-301F-11D3-BF4B-00C04F79EFBC}") = "MathzApp", "src\MathzApp\MathzApp.csproj", "{443FCF2D-69BB-4842-BB0C-383DD6787AE0}"
EndProject
Project("{2150E333-8FDC-42A3-9474-1A3956D46DE8}") = "tests", "tests", "{F611B600-5B41-4E38-9BEF-B5D46FA16497}"
EndProject
Project("{FAE04EC0-301F-11D3-BF4B-00C04F79EFBC}") = "TestMathzApp", "tests\TestMathzApp\TestMathzApp.csproj", "{27C4301E-2C56-463B-8AA7-69D634BB1F03}"
EndProject
Global
	GlobalSection(SolutionConfigurationPlatforms) = preSolution
		Debug|Any CPU = Debug|Any CPU
		Release|Any CPU = Release|Any CPU
	EndGlobalSection
	GlobalSection(SolutionProperties) = preSolution
		HideSolutionNode = FALSE
	EndGlobalSection
	GlobalSection(ProjectConfigurationPlatforms) = postSolution
		{443FCF2D-69BB-4842-BB0C-383DD6787AE0}.Debug|Any CPU.ActiveCfg = Debug|Any CPU
		{443FCF2D-69BB-4842-BB0C-383DD6787AE0}.Debug|Any CPU.Build.0 = Debug|Any CPU
		{443FCF2D-69BB-4842-BB0C-383DD6787AE0}.Release|Any CPU.ActiveCfg = Release|Any CPU
		{443FCF2D-69BB-4842-BB0C-383DD6787AE0}.Release|Any CPU.Build.0 = Release|Any CPU
		{27C4301E-2C56-463B-8AA7-69D634BB1F03}.Debug|Any CPU.ActiveCfg = Debug|Any CPU
		{27C4301E-2C56-463B-8AA7-69D634BB1F03}.Debug|Any CPU.Build.0 = Debug|Any CPU
		{27C4301E-2C56-463B-8AA7-69D634BB1F03}.Release|Any CPU.ActiveCfg = Release|Any CPU
		{27C4301E-2C56-463B-8AA7-69D634BB1F03}.Release|Any CPU.Build.0 = Release|Any CPU
	EndGlobalSection
	GlobalSection(NestedProjects) = preSolution
		{443FCF2D-69BB-4842-BB0C-383DD6787AE0} = {9E3A8382-954A-4B8F-9CE5-BB12B17ECAE2}
		{27C4301E-2C56-463B-8AA7-69D634BB1F03} = {F611B600-5B41-4E38-9BEF-B5D46FA16497}
	EndGlobalSection
EndGlobal
