
Microsoft Visual Studio Solution File, Format Version 12.00
# Visual Studio Version 17
VisualStudioVersion = 17.5.002.0
MinimumVisualStudioVersion = 10.0.40219.1
Project("{9A19103F-16F7-4668-BE54-9A1E7A4F7556}") = "stryker", "stryker.csproj", "{7A0773C1-21D7-4544-8F94-243E9F84D156}"
EndProject
Global
	GlobalSection(SolutionConfigurationPlatforms) = preSolution
		Debug|Any CPU = Debug|Any CPU
		Release|Any CPU = Release|Any CPU
	EndGlobalSection
	GlobalSection(ProjectConfigurationPlatforms) = postSolution
		{7A0773C1-21D7-4544-8F94-243E9F84D156}.Debug|Any CPU.ActiveCfg = Debug|Any CPU
		{7A0773C1-21D7-4544-8F94-243E9F84D156}.Debug|Any CPU.Build.0 = Debug|Any CPU
		{7A0773C1-21D7-4544-8F94-243E9F84D156}.Release|Any CPU.ActiveCfg = Release|Any CPU
		{7A0773C1-21D7-4544-8F94-243E9F84D156}.Release|Any CPU.Build.0 = Release|Any CPU
	EndGlobalSection
	GlobalSection(SolutionProperties) = preSolution
		HideSolutionNode = FALSE
	EndGlobalSection
	GlobalSection(ExtensibilityGlobals) = postSolution
		SolutionGuid = {DABCBC59-FFC1-4D64-808E-75A4BEF073AA}
	EndGlobalSection
EndGlobal
